
Microsoft Visual Studio Solution File, Format Version 12.00
# Visual Studio Version 16
VisualStudioVersion = 16.0.30621.155
MinimumVisualStudioVersion = 10.0.40219.1
Project("{FAE04EC0-301F-11D3-BF4B-00C04F79EFBC}") = "MakeAWish", "MakeAWish\MakeAWish.csproj", "{FE2E1AB7-7890-4F89-A58F-C4407922431C}"
EndProject
Project("{FAE04EC0-301F-11D3-BF4B-00C04F79EFBC}") = "MakeAWishUnitTest", "MakeAWishUnitTest\MakeAWishUnitTest.csproj", "{672132E0-E442-4EB4-BCD8-624CBF208D60}"
EndProject
Global
	GlobalSection(SolutionConfigurationPlatforms) = preSolution
		Debug|Any CPU = Debug|Any CPU
		Release|Any CPU = Release|Any CPU
	EndGlobalSection
	GlobalSection(ProjectConfigurationPlatforms) = postSolution
		{FE2E1AB7-7890-4F89-A58F-C4407922431C}.Debug|Any CPU.ActiveCfg = Debug|Any CPU
		{FE2E1AB7-7890-4F89-A58F-C4407922431C}.Debug|Any CPU.Build.0 = Debug|Any CPU
		{FE2E1AB7-7890-4F89-A58F-C4407922431C}.Release|Any CPU.ActiveCfg = Release|Any CPU
		{FE2E1AB7-7890-4F89-A58F-C4407922431C}.Release|Any CPU.Build.0 = Release|Any CPU
		{672132E0-E442-4EB4-BCD8-624CBF208D60}.Debug|Any CPU.ActiveCfg = Debug|Any CPU
		{672132E0-E442-4EB4-BCD8-624CBF208D60}.Debug|Any CPU.Build.0 = Debug|Any CPU
		{672132E0-E442-4EB4-BCD8-624CBF208D60}.Release|Any CPU.ActiveCfg = Release|Any CPU
		{672132E0-E442-4EB4-BCD8-624CBF208D60}.Release|Any CPU.Build.0 = Release|Any CPU
	EndGlobalSection
	GlobalSection(SolutionProperties) = preSolution
		HideSolutionNode = FALSE
	EndGlobalSection
	GlobalSection(ExtensibilityGlobals) = postSolution
		SolutionGuid = {91348D22-3422-4222-86E3-0848DCA07A9B}
	EndGlobalSection
EndGlobal
